
Microsoft Visual Studio Solution File, Format Version 12.00
# Visual Studio Version 17
VisualStudioVersion = 17.8.34511.84
MinimumVisualStudioVersion = 10.0.40219.1
Project("{FAE04EC0-301F-11D3-BF4B-00C04F79EFBC}") = "DatabaseOperation_26821", "DatabaseOperation_26821\DatabaseOperation_26821.csproj", "{FC3257F9-90A1-4037-B27F-883969E8AA46}"
EndProject
Global
	GlobalSection(SolutionConfigurationPlatforms) = preSolution
		Debug|Any CPU = Debug|Any CPU
		Release|Any CPU = Release|Any CPU
	EndGlobalSection
	GlobalSection(ProjectConfigurationPlatforms) = postSolution
		{FC3257F9-90A1-4037-B27F-883969E8AA46}.Debug|Any CPU.ActiveCfg = Debug|Any CPU
		{FC3257F9-90A1-4037-B27F-883969E8AA46}.Debug|Any CPU.Build.0 = Debug|Any CPU
		{FC3257F9-90A1-4037-B27F-883969E8AA46}.Release|Any CPU.ActiveCfg = Release|Any CPU
		{FC3257F9-90A1-4037-B27F-883969E8AA46}.Release|Any CPU.Build.0 = Release|Any CPU
	EndGlobalSection
	GlobalSection(SolutionProperties) = preSolution
		HideSolutionNode = FALSE
	EndGlobalSection
	GlobalSection(ExtensibilityGlobals) = postSolution
		SolutionGuid = {B6D773A0-4C1D-4E80-B7C3-4201E85E0FF5}
	EndGlobalSection
EndGlobal
