
Microsoft Visual Studio Solution File, Format Version 12.00
# Visual Studio Version 17
VisualStudioVersion = 17.8.34511.84
MinimumVisualStudioVersion = 10.0.40219.1
Project("{FAE04EC0-301F-11D3-BF4B-00C04F79EFBC}") = "Polymorphism_interfaces_26821", "Polymorphism_interfaces_26821\Polymorphism_interfaces_26821.csproj", "{A3391CE8-5FCB-4EDF-9E33-F4F3451CD3C0}"
EndProject
Global
	GlobalSection(SolutionConfigurationPlatforms) = preSolution
		Debug|Any CPU = Debug|Any CPU
		Release|Any CPU = Release|Any CPU
	EndGlobalSection
	GlobalSection(ProjectConfigurationPlatforms) = postSolution
		{A3391CE8-5FCB-4EDF-9E33-F4F3451CD3C0}.Debug|Any CPU.ActiveCfg = Debug|Any CPU
		{A3391CE8-5FCB-4EDF-9E33-F4F3451CD3C0}.Debug|Any CPU.Build.0 = Debug|Any CPU
		{A3391CE8-5FCB-4EDF-9E33-F4F3451CD3C0}.Release|Any CPU.ActiveCfg = Release|Any CPU
		{A3391CE8-5FCB-4EDF-9E33-F4F3451CD3C0}.Release|Any CPU.Build.0 = Release|Any CPU
	EndGlobalSection
	GlobalSection(SolutionProperties) = preSolution
		HideSolutionNode = FALSE
	EndGlobalSection
	GlobalSection(ExtensibilityGlobals) = postSolution
		SolutionGuid = {97C06A77-27F9-476E-9664-01B26907EAF4}
	EndGlobalSection
EndGlobal
