
Microsoft Visual Studio Solution File, Format Version 12.00
# Visual Studio Version 17
VisualStudioVersion = 17.8.34511.84
MinimumVisualStudioVersion = 10.0.40219.1
Project("{FAE04EC0-301F-11D3-BF4B-00C04F79EFBC}") = "pro", "pro\pro.csproj", "{79C17918-7758-48D2-AEB5-D028BEE2900F}"
EndProject
Global
	GlobalSection(SolutionConfigurationPlatforms) = preSolution
		Debug|Any CPU = Debug|Any CPU
		Release|Any CPU = Release|Any CPU
	EndGlobalSection
	GlobalSection(ProjectConfigurationPlatforms) = postSolution
		{79C17918-7758-48D2-AEB5-D028BEE2900F}.Debug|Any CPU.ActiveCfg = Debug|Any CPU
		{79C17918-7758-48D2-AEB5-D028BEE2900F}.Debug|Any CPU.Build.0 = Debug|Any CPU
		{79C17918-7758-48D2-AEB5-D028BEE2900F}.Release|Any CPU.ActiveCfg = Release|Any CPU
		{79C17918-7758-48D2-AEB5-D028BEE2900F}.Release|Any CPU.Build.0 = Release|Any CPU
	EndGlobalSection
	GlobalSection(SolutionProperties) = preSolution
		HideSolutionNode = FALSE
	EndGlobalSection
	GlobalSection(ExtensibilityGlobals) = postSolution
		SolutionGuid = {72727758-18C2-4A9E-B226-A4C9AC35EE39}
	EndGlobalSection
EndGlobal
