
Microsoft Visual Studio Solution File, Format Version 12.00
# Visual Studio Version 17
VisualStudioVersion = 17.8.34511.84
MinimumVisualStudioVersion = 10.0.40219.1
Project("{FAE04EC0-301F-11D3-BF4B-00C04F79EFBC}") = "2D_array_sum_26821", "2D_array_sum_26821\2D_array_sum_26821.csproj", "{02C59491-CB49-4829-8ECA-7C45AD3D9B16}"
EndProject
Global
	GlobalSection(SolutionConfigurationPlatforms) = preSolution
		Debug|Any CPU = Debug|Any CPU
		Release|Any CPU = Release|Any CPU
	EndGlobalSection
	GlobalSection(ProjectConfigurationPlatforms) = postSolution
		{02C59491-CB49-4829-8ECA-7C45AD3D9B16}.Debug|Any CPU.ActiveCfg = Debug|Any CPU
		{02C59491-CB49-4829-8ECA-7C45AD3D9B16}.Debug|Any CPU.Build.0 = Debug|Any CPU
		{02C59491-CB49-4829-8ECA-7C45AD3D9B16}.Release|Any CPU.ActiveCfg = Release|Any CPU
		{02C59491-CB49-4829-8ECA-7C45AD3D9B16}.Release|Any CPU.Build.0 = Release|Any CPU
	EndGlobalSection
	GlobalSection(SolutionProperties) = preSolution
		HideSolutionNode = FALSE
	EndGlobalSection
	GlobalSection(ExtensibilityGlobals) = postSolution
		SolutionGuid = {71B5F610-CABC-438C-A656-1F4A9EE290C5}
	EndGlobalSection
EndGlobal
