
Microsoft Visual Studio Solution File, Format Version 12.00
# Visual Studio Version 17
VisualStudioVersion = 17.8.34511.84
MinimumVisualStudioVersion = 10.0.40219.1
Project("{FAE04EC0-301F-11D3-BF4B-00C04F79EFBC}") = "class", "class\class.csproj", "{054D0174-53F3-4073-87F9-7EDEE1C8439E}"
EndProject
Global
	GlobalSection(SolutionConfigurationPlatforms) = preSolution
		Debug|Any CPU = Debug|Any CPU
		Release|Any CPU = Release|Any CPU
	EndGlobalSection
	GlobalSection(ProjectConfigurationPlatforms) = postSolution
		{054D0174-53F3-4073-87F9-7EDEE1C8439E}.Debug|Any CPU.ActiveCfg = Debug|Any CPU
		{054D0174-53F3-4073-87F9-7EDEE1C8439E}.Debug|Any CPU.Build.0 = Debug|Any CPU
		{054D0174-53F3-4073-87F9-7EDEE1C8439E}.Release|Any CPU.ActiveCfg = Release|Any CPU
		{054D0174-53F3-4073-87F9-7EDEE1C8439E}.Release|Any CPU.Build.0 = Release|Any CPU
	EndGlobalSection
	GlobalSection(SolutionProperties) = preSolution
		HideSolutionNode = FALSE
	EndGlobalSection
	GlobalSection(ExtensibilityGlobals) = postSolution
		SolutionGuid = {BACA9BC6-0DEA-471D-A1B1-06F3801D43F3}
	EndGlobalSection
EndGlobal
